
Microsoft Visual Studio Solution File, Format Version 12.00
# Visual Studio Version 16
VisualStudioVersion = 16.0.32510.428
MinimumVisualStudioVersion = 10.0.40219.1
Project("{FAE04EC0-301F-11D3-BF4B-00C04F79EFBC}") = "WebApplication3", "WebApplication3\WebApplication3.csproj", "{BEBD182F-B17A-43E2-864B-50B609B77185}"
EndProject
Global
	GlobalSection(SolutionConfigurationPlatforms) = preSolution
		Debug|Any CPU = Debug|Any CPU
		Release|Any CPU = Release|Any CPU
	EndGlobalSection
	GlobalSection(ProjectConfigurationPlatforms) = postSolution
		{BEBD182F-B17A-43E2-864B-50B609B77185}.Debug|Any CPU.ActiveCfg = Debug|Any CPU
		{BEBD182F-B17A-43E2-864B-50B609B77185}.Debug|Any CPU.Build.0 = Debug|Any CPU
		{BEBD182F-B17A-43E2-864B-50B609B77185}.Release|Any CPU.ActiveCfg = Release|Any CPU
		{BEBD182F-B17A-43E2-864B-50B609B77185}.Release|Any CPU.Build.0 = Release|Any CPU
	EndGlobalSection
	GlobalSection(SolutionProperties) = preSolution
		HideSolutionNode = FALSE
	EndGlobalSection
	GlobalSection(ExtensibilityGlobals) = postSolution
		SolutionGuid = {0303CA14-D89E-4CC6-8FD5-74B5435CBC6B}
	EndGlobalSection
EndGlobal
